
Microsoft Visual Studio Solution File, Format Version 12.00
# Visual Studio Version 17
VisualStudioVersion = 17.5.33530.505
MinimumVisualStudioVersion = 10.0.40219.1
Project("{00D1A9C2-B5F0-4AF3-8072-F6C62B433612}") = "_360_Identity", "_360_Identity\_360_Identity.sqlproj", "{ED82D1BE-BEFA-4974-BABA-C2C35E1E739D}"
EndProject
Project("{00D1A9C2-B5F0-4AF3-8072-F6C62B433612}") = "_360_API", "_360_API\_360_API.sqlproj", "{786CFAE8-53C2-468B-9634-A8979679E572}"
EndProject
Global
	GlobalSection(SolutionConfigurationPlatforms) = preSolution
		Debug|Any CPU = Debug|Any CPU
		Release|Any CPU = Release|Any CPU
	EndGlobalSection
	GlobalSection(ProjectConfigurationPlatforms) = postSolution
		{ED82D1BE-BEFA-4974-BABA-C2C35E1E739D}.Debug|Any CPU.ActiveCfg = Debug|Any CPU
		{ED82D1BE-BEFA-4974-BABA-C2C35E1E739D}.Debug|Any CPU.Build.0 = Debug|Any CPU
		{ED82D1BE-BEFA-4974-BABA-C2C35E1E739D}.Debug|Any CPU.Deploy.0 = Debug|Any CPU
		{ED82D1BE-BEFA-4974-BABA-C2C35E1E739D}.Release|Any CPU.ActiveCfg = Release|Any CPU
		{ED82D1BE-BEFA-4974-BABA-C2C35E1E739D}.Release|Any CPU.Build.0 = Release|Any CPU
		{ED82D1BE-BEFA-4974-BABA-C2C35E1E739D}.Release|Any CPU.Deploy.0 = Release|Any CPU
		{786CFAE8-53C2-468B-9634-A8979679E572}.Debug|Any CPU.ActiveCfg = Debug|Any CPU
		{786CFAE8-53C2-468B-9634-A8979679E572}.Debug|Any CPU.Build.0 = Debug|Any CPU
		{786CFAE8-53C2-468B-9634-A8979679E572}.Debug|Any CPU.Deploy.0 = Debug|Any CPU
		{786CFAE8-53C2-468B-9634-A8979679E572}.Release|Any CPU.ActiveCfg = Release|Any CPU
		{786CFAE8-53C2-468B-9634-A8979679E572}.Release|Any CPU.Build.0 = Release|Any CPU
		{786CFAE8-53C2-468B-9634-A8979679E572}.Release|Any CPU.Deploy.0 = Release|Any CPU
	EndGlobalSection
	GlobalSection(SolutionProperties) = preSolution
		HideSolutionNode = FALSE
	EndGlobalSection
	GlobalSection(ExtensibilityGlobals) = postSolution
		SolutionGuid = {6B3AA7A7-DF01-4E1D-9806-83413D9533D2}
	EndGlobalSection
EndGlobal
